
Microsoft Visual Studio Solution File, Format Version 11.00
# Visual Studio 2010
Project("{F184B08F-C81C-45F6-A57F-5ABD9991F28F}") = "Files", "Files.vbproj", "{584BA1F4-5BB4-401E-9428-810B70A87E41}"
EndProject
Global
	GlobalSection(SolutionConfigurationPlatforms) = preSolution
		Debug|x86 = Debug|x86
		Release|x86 = Release|x86
	EndGlobalSection
	GlobalSection(ProjectConfigurationPlatforms) = postSolution
		{584BA1F4-5BB4-401E-9428-810B70A87E41}.Debug|x86.ActiveCfg = Debug|x86
		{584BA1F4-5BB4-401E-9428-810B70A87E41}.Debug|x86.Build.0 = Debug|x86
		{584BA1F4-5BB4-401E-9428-810B70A87E41}.Release|x86.ActiveCfg = Release|x86
		{584BA1F4-5BB4-401E-9428-810B70A87E41}.Release|x86.Build.0 = Release|x86
	EndGlobalSection
	GlobalSection(SolutionProperties) = preSolution
		HideSolutionNode = FALSE
	EndGlobalSection
EndGlobal
